
Microsoft Visual Studio Solution File, Format Version 12.00
# Visual Studio Version 16
VisualStudioVersion = 16.0.29806.167
MinimumVisualStudioVersion = 10.0.40219.1
Project("{9A19103F-16F7-4668-BE54-9A1E7A4F7556}") = "Aula2", "Aula2\Aula2.csproj", "{C892B6F5-58AF-4B52-99AD-06B9D1F10C1B}"
EndProject
Project("{2150E333-8FDC-42A3-9474-1A3956D46DE8}") = "Aulas", "Aulas", "{5CA93E81-0E18-4427-A92B-FE29A77ECDC4}"
EndProject
Project("{9A19103F-16F7-4668-BE54-9A1E7A4F7556}") = "Aula10", "Aula10\Aula10.csproj", "{B3A21BA4-8987-4078-84F5-462C191050AD}"
EndProject
Project("{9A19103F-16F7-4668-BE54-9A1E7A4F7556}") = "ProjetoFinal_Mod1", "ProjetoFinal\ProjetoFinal_Mod1.csproj", "{FF87C472-E531-4749-92CB-F887D9564D0E}"
EndProject
Project("{2150E333-8FDC-42A3-9474-1A3956D46DE8}") = "Exercícios", "Exercícios", "{833ED62A-98A4-4290-83D0-3FA22BD83344}"
EndProject
Project("{9A19103F-16F7-4668-BE54-9A1E7A4F7556}") = "Aula3", "Aula3\Aula3.csproj", "{F13AF7AA-B6EA-4766-8525-63B00F69F949}"
EndProject
Project("{9A19103F-16F7-4668-BE54-9A1E7A4F7556}") = "Aula4", "Aula4\Aula4.csproj", "{A2B378C3-0926-44E3-8EEC-8D81D55700C4}"
EndProject
Project("{9A19103F-16F7-4668-BE54-9A1E7A4F7556}") = "Aula6", "Aula6\Aula6.csproj", "{9D9E19FF-41D3-4066-A02B-C1D9552D01D2}"
EndProject
Project("{9A19103F-16F7-4668-BE54-9A1E7A4F7556}") = "Aula8", "Aula8\Aula8.csproj", "{CB0F2A51-4989-4ED6-8676-C6B1128E9192}"
EndProject
Project("{9A19103F-16F7-4668-BE54-9A1E7A4F7556}") = "Lista1", "Lista1\Lista1.csproj", "{49B10E3A-9CB8-4B0C-9C8D-EF10A90EB55D}"
EndProject
Project("{9A19103F-16F7-4668-BE54-9A1E7A4F7556}") = "Lista2", "Lista2\Lista2.csproj", "{D37DE800-4C2B-48C5-BBCA-5E42837EC91E}"
EndProject
Project("{9A19103F-16F7-4668-BE54-9A1E7A4F7556}") = "Lista3", "Lista3\Lista3.csproj", "{373D1A00-2217-4545-9F75-D6461035AFD6}"
EndProject
Project("{9A19103F-16F7-4668-BE54-9A1E7A4F7556}") = "Lista4", "Lista4\Lista4.csproj", "{B6054C1D-73A4-4B95-AE33-8778D739D2AD}"
EndProject
Project("{9A19103F-16F7-4668-BE54-9A1E7A4F7556}") = "Lista5", "Lista5\Lista5.csproj", "{B4158575-1F19-4DE7-B2F2-E8EE0F889E2B}"
EndProject
Project("{9A19103F-16F7-4668-BE54-9A1E7A4F7556}") = "Aula13", "Aula13\Aula13.csproj", "{02C4B3FE-4413-41D8-9C89-D6EE874955AC}"
EndProject
Project("{9A19103F-16F7-4668-BE54-9A1E7A4F7556}") = "Lista6", "Lista6\Lista6.csproj", "{8CD4D74A-0665-4D3F-ABD6-4FBA907FCD38}"
EndProject
Project("{9A19103F-16F7-4668-BE54-9A1E7A4F7556}") = "Aula14", "Aula14\Aula14.csproj", "{C20AD584-94B4-4E2D-ABDA-474D846AC1EF}"
EndProject
Project("{9A19103F-16F7-4668-BE54-9A1E7A4F7556}") = "Aula15", "Aula15\Aula15.csproj", "{170A3A31-4CC4-40B0-AC6E-92BBE5E15DE2}"
EndProject
Project("{9A19103F-16F7-4668-BE54-9A1E7A4F7556}") = "Lista7", "Lista7\Lista7.csproj", "{1220C2C4-513E-4F77-91F9-3FD236D2E512}"
EndProject
Project("{9A19103F-16F7-4668-BE54-9A1E7A4F7556}") = "Aula17", "Aula17\Aula17.csproj", "{2EB095EF-9880-4C04-AE16-5198663A5B9B}"
EndProject
Project("{2150E333-8FDC-42A3-9474-1A3956D46DE8}") = "Aula17 - Multiprojetos", "Aula17 - Multiprojetos", "{40ABF577-1781-41DE-AC42-DDD292CAE212}"
EndProject
Project("{9A19103F-16F7-4668-BE54-9A1E7A4F7556}") = "Apresentacao", "ConsoleMultiprojetos\Apresentacao.csproj", "{DB6A7301-0CF6-4F70-96DD-A7DE7F4677E9}"
EndProject
Project("{9A19103F-16F7-4668-BE54-9A1E7A4F7556}") = "Dados", "Dados\Dados.csproj", "{6E5B71AF-6901-4974-874F-291610649832}"
EndProject
Project("{9A19103F-16F7-4668-BE54-9A1E7A4F7556}") = "Negocios", "Negocios\Negocios.csproj", "{FAFD137E-B619-4598-9EE6-29A4D0A984AB}"
EndProject
Project("{9A19103F-16F7-4668-BE54-9A1E7A4F7556}") = "Comum", "Comum\Comum.csproj", "{CE8365C5-4BD6-47BC-986A-8E0EEB3E8CC5}"
EndProject
Project("{FAE04EC0-301F-11D3-BF4B-00C04F79EFBC}") = "Aula18-linq", "Aula18 - LINQ\Aula18-linq.csproj", "{62D11030-C352-43D7-BE01-8087CA0A6E19}"
EndProject
Project("{FAE04EC0-301F-11D3-BF4B-00C04F79EFBC}") = "Aula19-linq", "Aula19-linq\Aula19-linq.csproj", "{15F6C6B5-F156-4363-89EE-E96F1F9A736B}"
EndProject
Project("{2150E333-8FDC-42A3-9474-1A3956D46DE8}") = "Lista8", "Lista8", "{E3A9F937-A815-4FB8-A4E7-49F346568A9D}"
EndProject
Project("{FAE04EC0-301F-11D3-BF4B-00C04F79EFBC}") = "Lista8-apresentacao", "Lista8-apresentacao\Lista8-apresentacao.csproj", "{5CF3C09B-5A94-434A-9868-FB77D4EA9784}"
EndProject
Project("{FAE04EC0-301F-11D3-BF4B-00C04F79EFBC}") = "Lista8-negocio", "Lista8-negocio\Lista8-negocio.csproj", "{DE4DB7FE-A6B4-4565-B2A2-F5572F56150B}"
EndProject
Project("{FAE04EC0-301F-11D3-BF4B-00C04F79EFBC}") = "Lista8-dado", "Lista8-dado\Lista8-dado.csproj", "{D135F24A-E6FC-4937-A62E-62EADCB5F14E}"
EndProject
Project("{FAE04EC0-301F-11D3-BF4B-00C04F79EFBC}") = "Lista8-interfaces", "Lista8-interfaces\Lista8-interfaces.csproj", "{D431F7A6-2EAD-4092-BBA2-F539CFE08B04}"
EndProject
Global
	GlobalSection(SolutionConfigurationPlatforms) = preSolution
		Debug|Any CPU = Debug|Any CPU
		Release|Any CPU = Release|Any CPU
	EndGlobalSection
	GlobalSection(ProjectConfigurationPlatforms) = postSolution
		{C892B6F5-58AF-4B52-99AD-06B9D1F10C1B}.Debug|Any CPU.ActiveCfg = Debug|Any CPU
		{C892B6F5-58AF-4B52-99AD-06B9D1F10C1B}.Debug|Any CPU.Build.0 = Debug|Any CPU
		{C892B6F5-58AF-4B52-99AD-06B9D1F10C1B}.Release|Any CPU.ActiveCfg = Release|Any CPU
		{C892B6F5-58AF-4B52-99AD-06B9D1F10C1B}.Release|Any CPU.Build.0 = Release|Any CPU
		{B3A21BA4-8987-4078-84F5-462C191050AD}.Debug|Any CPU.ActiveCfg = Debug|Any CPU
		{B3A21BA4-8987-4078-84F5-462C191050AD}.Debug|Any CPU.Build.0 = Debug|Any CPU
		{B3A21BA4-8987-4078-84F5-462C191050AD}.Release|Any CPU.ActiveCfg = Release|Any CPU
		{B3A21BA4-8987-4078-84F5-462C191050AD}.Release|Any CPU.Build.0 = Release|Any CPU
		{FF87C472-E531-4749-92CB-F887D9564D0E}.Debug|Any CPU.ActiveCfg = Debug|Any CPU
		{FF87C472-E531-4749-92CB-F887D9564D0E}.Debug|Any CPU.Build.0 = Debug|Any CPU
		{FF87C472-E531-4749-92CB-F887D9564D0E}.Release|Any CPU.ActiveCfg = Release|Any CPU
		{FF87C472-E531-4749-92CB-F887D9564D0E}.Release|Any CPU.Build.0 = Release|Any CPU
		{F13AF7AA-B6EA-4766-8525-63B00F69F949}.Debug|Any CPU.ActiveCfg = Debug|Any CPU
		{F13AF7AA-B6EA-4766-8525-63B00F69F949}.Debug|Any CPU.Build.0 = Debug|Any CPU
		{F13AF7AA-B6EA-4766-8525-63B00F69F949}.Release|Any CPU.ActiveCfg = Release|Any CPU
		{F13AF7AA-B6EA-4766-8525-63B00F69F949}.Release|Any CPU.Build.0 = Release|Any CPU
		{A2B378C3-0926-44E3-8EEC-8D81D55700C4}.Debug|Any CPU.ActiveCfg = Debug|Any CPU
		{A2B378C3-0926-44E3-8EEC-8D81D55700C4}.Debug|Any CPU.Build.0 = Debug|Any CPU
		{A2B378C3-0926-44E3-8EEC-8D81D55700C4}.Release|Any CPU.ActiveCfg = Release|Any CPU
		{A2B378C3-0926-44E3-8EEC-8D81D55700C4}.Release|Any CPU.Build.0 = Release|Any CPU
		{9D9E19FF-41D3-4066-A02B-C1D9552D01D2}.Debug|Any CPU.ActiveCfg = Debug|Any CPU
		{9D9E19FF-41D3-4066-A02B-C1D9552D01D2}.Debug|Any CPU.Build.0 = Debug|Any CPU
		{9D9E19FF-41D3-4066-A02B-C1D9552D01D2}.Release|Any CPU.ActiveCfg = Release|Any CPU
		{9D9E19FF-41D3-4066-A02B-C1D9552D01D2}.Release|Any CPU.Build.0 = Release|Any CPU
		{CB0F2A51-4989-4ED6-8676-C6B1128E9192}.Debug|Any CPU.ActiveCfg = Debug|Any CPU
		{CB0F2A51-4989-4ED6-8676-C6B1128E9192}.Debug|Any CPU.Build.0 = Debug|Any CPU
		{CB0F2A51-4989-4ED6-8676-C6B1128E9192}.Release|Any CPU.ActiveCfg = Release|Any CPU
		{CB0F2A51-4989-4ED6-8676-C6B1128E9192}.Release|Any CPU.Build.0 = Release|Any CPU
		{49B10E3A-9CB8-4B0C-9C8D-EF10A90EB55D}.Debug|Any CPU.ActiveCfg = Debug|Any CPU
		{49B10E3A-9CB8-4B0C-9C8D-EF10A90EB55D}.Debug|Any CPU.Build.0 = Debug|Any CPU
		{49B10E3A-9CB8-4B0C-9C8D-EF10A90EB55D}.Release|Any CPU.ActiveCfg = Release|Any CPU
		{49B10E3A-9CB8-4B0C-9C8D-EF10A90EB55D}.Release|Any CPU.Build.0 = Release|Any CPU
		{D37DE800-4C2B-48C5-BBCA-5E42837EC91E}.Debug|Any CPU.ActiveCfg = Debug|Any CPU
		{D37DE800-4C2B-48C5-BBCA-5E42837EC91E}.Debug|Any CPU.Build.0 = Debug|Any CPU
		{D37DE800-4C2B-48C5-BBCA-5E42837EC91E}.Release|Any CPU.ActiveCfg = Release|Any CPU
		{D37DE800-4C2B-48C5-BBCA-5E42837EC91E}.Release|Any CPU.Build.0 = Release|Any CPU
		{373D1A00-2217-4545-9F75-D6461035AFD6}.Debug|Any CPU.ActiveCfg = Debug|Any CPU
		{373D1A00-2217-4545-9F75-D6461035AFD6}.Debug|Any CPU.Build.0 = Debug|Any CPU
		{373D1A00-2217-4545-9F75-D6461035AFD6}.Release|Any CPU.ActiveCfg = Release|Any CPU
		{373D1A00-2217-4545-9F75-D6461035AFD6}.Release|Any CPU.Build.0 = Release|Any CPU
		{B6054C1D-73A4-4B95-AE33-8778D739D2AD}.Debug|Any CPU.ActiveCfg = Debug|Any CPU
		{B6054C1D-73A4-4B95-AE33-8778D739D2AD}.Debug|Any CPU.Build.0 = Debug|Any CPU
		{B6054C1D-73A4-4B95-AE33-8778D739D2AD}.Release|Any CPU.ActiveCfg = Release|Any CPU
		{B6054C1D-73A4-4B95-AE33-8778D739D2AD}.Release|Any CPU.Build.0 = Release|Any CPU
		{B4158575-1F19-4DE7-B2F2-E8EE0F889E2B}.Debug|Any CPU.ActiveCfg = Debug|Any CPU
		{B4158575-1F19-4DE7-B2F2-E8EE0F889E2B}.Debug|Any CPU.Build.0 = Debug|Any CPU
		{B4158575-1F19-4DE7-B2F2-E8EE0F889E2B}.Release|Any CPU.ActiveCfg = Release|Any CPU
		{B4158575-1F19-4DE7-B2F2-E8EE0F889E2B}.Release|Any CPU.Build.0 = Release|Any CPU
		{02C4B3FE-4413-41D8-9C89-D6EE874955AC}.Debug|Any CPU.ActiveCfg = Debug|Any CPU
		{02C4B3FE-4413-41D8-9C89-D6EE874955AC}.Debug|Any CPU.Build.0 = Debug|Any CPU
		{02C4B3FE-4413-41D8-9C89-D6EE874955AC}.Release|Any CPU.ActiveCfg = Release|Any CPU
		{02C4B3FE-4413-41D8-9C89-D6EE874955AC}.Release|Any CPU.Build.0 = Release|Any CPU
		{8CD4D74A-0665-4D3F-ABD6-4FBA907FCD38}.Debug|Any CPU.ActiveCfg = Debug|Any CPU
		{8CD4D74A-0665-4D3F-ABD6-4FBA907FCD38}.Debug|Any CPU.Build.0 = Debug|Any CPU
		{8CD4D74A-0665-4D3F-ABD6-4FBA907FCD38}.Release|Any CPU.ActiveCfg = Release|Any CPU
		{8CD4D74A-0665-4D3F-ABD6-4FBA907FCD38}.Release|Any CPU.Build.0 = Release|Any CPU
		{C20AD584-94B4-4E2D-ABDA-474D846AC1EF}.Debug|Any CPU.ActiveCfg = Debug|Any CPU
		{C20AD584-94B4-4E2D-ABDA-474D846AC1EF}.Debug|Any CPU.Build.0 = Debug|Any CPU
		{C20AD584-94B4-4E2D-ABDA-474D846AC1EF}.Release|Any CPU.ActiveCfg = Release|Any CPU
		{C20AD584-94B4-4E2D-ABDA-474D846AC1EF}.Release|Any CPU.Build.0 = Release|Any CPU
		{170A3A31-4CC4-40B0-AC6E-92BBE5E15DE2}.Debug|Any CPU.ActiveCfg = Debug|Any CPU
		{170A3A31-4CC4-40B0-AC6E-92BBE5E15DE2}.Debug|Any CPU.Build.0 = Debug|Any CPU
		{170A3A31-4CC4-40B0-AC6E-92BBE5E15DE2}.Release|Any CPU.ActiveCfg = Release|Any CPU
		{170A3A31-4CC4-40B0-AC6E-92BBE5E15DE2}.Release|Any CPU.Build.0 = Release|Any CPU
		{1220C2C4-513E-4F77-91F9-3FD236D2E512}.Debug|Any CPU.ActiveCfg = Debug|Any CPU
		{1220C2C4-513E-4F77-91F9-3FD236D2E512}.Debug|Any CPU.Build.0 = Debug|Any CPU
		{1220C2C4-513E-4F77-91F9-3FD236D2E512}.Release|Any CPU.ActiveCfg = Release|Any CPU
		{1220C2C4-513E-4F77-91F9-3FD236D2E512}.Release|Any CPU.Build.0 = Release|Any CPU
		{2EB095EF-9880-4C04-AE16-5198663A5B9B}.Debug|Any CPU.ActiveCfg = Debug|Any CPU
		{2EB095EF-9880-4C04-AE16-5198663A5B9B}.Debug|Any CPU.Build.0 = Debug|Any CPU
		{2EB095EF-9880-4C04-AE16-5198663A5B9B}.Release|Any CPU.ActiveCfg = Release|Any CPU
		{2EB095EF-9880-4C04-AE16-5198663A5B9B}.Release|Any CPU.Build.0 = Release|Any CPU
		{DB6A7301-0CF6-4F70-96DD-A7DE7F4677E9}.Debug|Any CPU.ActiveCfg = Debug|Any CPU
		{DB6A7301-0CF6-4F70-96DD-A7DE7F4677E9}.Debug|Any CPU.Build.0 = Debug|Any CPU
		{DB6A7301-0CF6-4F70-96DD-A7DE7F4677E9}.Release|Any CPU.ActiveCfg = Release|Any CPU
		{DB6A7301-0CF6-4F70-96DD-A7DE7F4677E9}.Release|Any CPU.Build.0 = Release|Any CPU
		{6E5B71AF-6901-4974-874F-291610649832}.Debug|Any CPU.ActiveCfg = Debug|Any CPU
		{6E5B71AF-6901-4974-874F-291610649832}.Debug|Any CPU.Build.0 = Debug|Any CPU
		{6E5B71AF-6901-4974-874F-291610649832}.Release|Any CPU.ActiveCfg = Release|Any CPU
		{6E5B71AF-6901-4974-874F-291610649832}.Release|Any CPU.Build.0 = Release|Any CPU
		{FAFD137E-B619-4598-9EE6-29A4D0A984AB}.Debug|Any CPU.ActiveCfg = Debug|Any CPU
		{FAFD137E-B619-4598-9EE6-29A4D0A984AB}.Debug|Any CPU.Build.0 = Debug|Any CPU
		{FAFD137E-B619-4598-9EE6-29A4D0A984AB}.Release|Any CPU.ActiveCfg = Release|Any CPU
		{FAFD137E-B619-4598-9EE6-29A4D0A984AB}.Release|Any CPU.Build.0 = Release|Any CPU
		{CE8365C5-4BD6-47BC-986A-8E0EEB3E8CC5}.Debug|Any CPU.ActiveCfg = Debug|Any CPU
		{CE8365C5-4BD6-47BC-986A-8E0EEB3E8CC5}.Debug|Any CPU.Build.0 = Debug|Any CPU
		{CE8365C5-4BD6-47BC-986A-8E0EEB3E8CC5}.Release|Any CPU.ActiveCfg = Release|Any CPU
		{CE8365C5-4BD6-47BC-986A-8E0EEB3E8CC5}.Release|Any CPU.Build.0 = Release|Any CPU
		{62D11030-C352-43D7-BE01-8087CA0A6E19}.Debug|Any CPU.ActiveCfg = Debug|Any CPU
		{62D11030-C352-43D7-BE01-8087CA0A6E19}.Debug|Any CPU.Build.0 = Debug|Any CPU
		{62D11030-C352-43D7-BE01-8087CA0A6E19}.Release|Any CPU.ActiveCfg = Release|Any CPU
		{62D11030-C352-43D7-BE01-8087CA0A6E19}.Release|Any CPU.Build.0 = Release|Any CPU
		{15F6C6B5-F156-4363-89EE-E96F1F9A736B}.Debug|Any CPU.ActiveCfg = Debug|Any CPU
		{15F6C6B5-F156-4363-89EE-E96F1F9A736B}.Debug|Any CPU.Build.0 = Debug|Any CPU
		{15F6C6B5-F156-4363-89EE-E96F1F9A736B}.Release|Any CPU.ActiveCfg = Release|Any CPU
		{15F6C6B5-F156-4363-89EE-E96F1F9A736B}.Release|Any CPU.Build.0 = Release|Any CPU
		{5CF3C09B-5A94-434A-9868-FB77D4EA9784}.Debug|Any CPU.ActiveCfg = Debug|Any CPU
		{5CF3C09B-5A94-434A-9868-FB77D4EA9784}.Debug|Any CPU.Build.0 = Debug|Any CPU
		{5CF3C09B-5A94-434A-9868-FB77D4EA9784}.Release|Any CPU.ActiveCfg = Release|Any CPU
		{5CF3C09B-5A94-434A-9868-FB77D4EA9784}.Release|Any CPU.Build.0 = Release|Any CPU
		{DE4DB7FE-A6B4-4565-B2A2-F5572F56150B}.Debug|Any CPU.ActiveCfg = Debug|Any CPU
		{DE4DB7FE-A6B4-4565-B2A2-F5572F56150B}.Debug|Any CPU.Build.0 = Debug|Any CPU
		{DE4DB7FE-A6B4-4565-B2A2-F5572F56150B}.Release|Any CPU.ActiveCfg = Release|Any CPU
		{DE4DB7FE-A6B4-4565-B2A2-F5572F56150B}.Release|Any CPU.Build.0 = Release|Any CPU
		{D135F24A-E6FC-4937-A62E-62EADCB5F14E}.Debug|Any CPU.ActiveCfg = Debug|Any CPU
		{D135F24A-E6FC-4937-A62E-62EADCB5F14E}.Debug|Any CPU.Build.0 = Debug|Any CPU
		{D135F24A-E6FC-4937-A62E-62EADCB5F14E}.Release|Any CPU.ActiveCfg = Release|Any CPU
		{D135F24A-E6FC-4937-A62E-62EADCB5F14E}.Release|Any CPU.Build.0 = Release|Any CPU
		{D431F7A6-2EAD-4092-BBA2-F539CFE08B04}.Debug|Any CPU.ActiveCfg = Debug|Any CPU
		{D431F7A6-2EAD-4092-BBA2-F539CFE08B04}.Debug|Any CPU.Build.0 = Debug|Any CPU
		{D431F7A6-2EAD-4092-BBA2-F539CFE08B04}.Release|Any CPU.ActiveCfg = Release|Any CPU
		{D431F7A6-2EAD-4092-BBA2-F539CFE08B04}.Release|Any CPU.Build.0 = Release|Any CPU
	EndGlobalSection
	GlobalSection(SolutionProperties) = preSolution
		HideSolutionNode = FALSE
	EndGlobalSection
	GlobalSection(NestedProjects) = preSolution
		{C892B6F5-58AF-4B52-99AD-06B9D1F10C1B} = {5CA93E81-0E18-4427-A92B-FE29A77ECDC4}
		{B3A21BA4-8987-4078-84F5-462C191050AD} = {5CA93E81-0E18-4427-A92B-FE29A77ECDC4}
		{FF87C472-E531-4749-92CB-F887D9564D0E} = {833ED62A-98A4-4290-83D0-3FA22BD83344}
		{F13AF7AA-B6EA-4766-8525-63B00F69F949} = {5CA93E81-0E18-4427-A92B-FE29A77ECDC4}
		{A2B378C3-0926-44E3-8EEC-8D81D55700C4} = {5CA93E81-0E18-4427-A92B-FE29A77ECDC4}
		{9D9E19FF-41D3-4066-A02B-C1D9552D01D2} = {5CA93E81-0E18-4427-A92B-FE29A77ECDC4}
		{CB0F2A51-4989-4ED6-8676-C6B1128E9192} = {5CA93E81-0E18-4427-A92B-FE29A77ECDC4}
		{49B10E3A-9CB8-4B0C-9C8D-EF10A90EB55D} = {833ED62A-98A4-4290-83D0-3FA22BD83344}
		{D37DE800-4C2B-48C5-BBCA-5E42837EC91E} = {833ED62A-98A4-4290-83D0-3FA22BD83344}
		{373D1A00-2217-4545-9F75-D6461035AFD6} = {833ED62A-98A4-4290-83D0-3FA22BD83344}
		{B6054C1D-73A4-4B95-AE33-8778D739D2AD} = {833ED62A-98A4-4290-83D0-3FA22BD83344}
		{B4158575-1F19-4DE7-B2F2-E8EE0F889E2B} = {833ED62A-98A4-4290-83D0-3FA22BD83344}
		{02C4B3FE-4413-41D8-9C89-D6EE874955AC} = {5CA93E81-0E18-4427-A92B-FE29A77ECDC4}
		{8CD4D74A-0665-4D3F-ABD6-4FBA907FCD38} = {833ED62A-98A4-4290-83D0-3FA22BD83344}
		{C20AD584-94B4-4E2D-ABDA-474D846AC1EF} = {5CA93E81-0E18-4427-A92B-FE29A77ECDC4}
		{170A3A31-4CC4-40B0-AC6E-92BBE5E15DE2} = {5CA93E81-0E18-4427-A92B-FE29A77ECDC4}
		{1220C2C4-513E-4F77-91F9-3FD236D2E512} = {833ED62A-98A4-4290-83D0-3FA22BD83344}
		{2EB095EF-9880-4C04-AE16-5198663A5B9B} = {5CA93E81-0E18-4427-A92B-FE29A77ECDC4}
		{40ABF577-1781-41DE-AC42-DDD292CAE212} = {5CA93E81-0E18-4427-A92B-FE29A77ECDC4}
		{DB6A7301-0CF6-4F70-96DD-A7DE7F4677E9} = {40ABF577-1781-41DE-AC42-DDD292CAE212}
		{6E5B71AF-6901-4974-874F-291610649832} = {40ABF577-1781-41DE-AC42-DDD292CAE212}
		{FAFD137E-B619-4598-9EE6-29A4D0A984AB} = {40ABF577-1781-41DE-AC42-DDD292CAE212}
		{CE8365C5-4BD6-47BC-986A-8E0EEB3E8CC5} = {40ABF577-1781-41DE-AC42-DDD292CAE212}
		{62D11030-C352-43D7-BE01-8087CA0A6E19} = {5CA93E81-0E18-4427-A92B-FE29A77ECDC4}
		{15F6C6B5-F156-4363-89EE-E96F1F9A736B} = {5CA93E81-0E18-4427-A92B-FE29A77ECDC4}
		{E3A9F937-A815-4FB8-A4E7-49F346568A9D} = {833ED62A-98A4-4290-83D0-3FA22BD83344}
		{5CF3C09B-5A94-434A-9868-FB77D4EA9784} = {E3A9F937-A815-4FB8-A4E7-49F346568A9D}
		{DE4DB7FE-A6B4-4565-B2A2-F5572F56150B} = {E3A9F937-A815-4FB8-A4E7-49F346568A9D}
		{D135F24A-E6FC-4937-A62E-62EADCB5F14E} = {E3A9F937-A815-4FB8-A4E7-49F346568A9D}
		{D431F7A6-2EAD-4092-BBA2-F539CFE08B04} = {E3A9F937-A815-4FB8-A4E7-49F346568A9D}
	EndGlobalSection
	GlobalSection(ExtensibilityGlobals) = postSolution
		SolutionGuid = {8ABEEE01-D447-4A91-80A3-0628D7F498D8}
	EndGlobalSection
EndGlobal
