
Microsoft Visual Studio Solution File, Format Version 12.00
# Visual Studio Version 16
VisualStudioVersion = 16.0.29806.167
MinimumVisualStudioVersion = 10.0.40219.1
Project("{9A19103F-16F7-4668-BE54-9A1E7A4F7556}") = "Aula2", "Aula2\Aula2.csproj", "{C892B6F5-58AF-4B52-99AD-06B9D1F10C1B}"
EndProject
Project("{2150E333-8FDC-42A3-9474-1A3956D46DE8}") = "Aulas", "Aulas", "{5CA93E81-0E18-4427-A92B-FE29A77ECDC4}"
EndProject
Project("{9A19103F-16F7-4668-BE54-9A1E7A4F7556}") = "Aula10", "Aula10\Aula10.csproj", "{B3A21BA4-8987-4078-84F5-462C191050AD}"
EndProject
Project("{9A19103F-16F7-4668-BE54-9A1E7A4F7556}") = "ProjetoFinal_Mod1", "ProjetoFinal\ProjetoFinal_Mod1.csproj", "{FF87C472-E531-4749-92CB-F887D9564D0E}"
EndProject
Project("{2150E333-8FDC-42A3-9474-1A3956D46DE8}") = "Exercícios", "Exercícios", "{833ED62A-98A4-4290-83D0-3FA22BD83344}"
EndProject
Project("{9A19103F-16F7-4668-BE54-9A1E7A4F7556}") = "Aula3", "Aula3\Aula3.csproj", "{F13AF7AA-B6EA-4766-8525-63B00F69F949}"
EndProject
Project("{9A19103F-16F7-4668-BE54-9A1E7A4F7556}") = "Aula4", "Aula4\Aula4.csproj", "{A2B378C3-0926-44E3-8EEC-8D81D55700C4}"
EndProject
Project("{9A19103F-16F7-4668-BE54-9A1E7A4F7556}") = "Aula6", "Aula6\Aula6.csproj", "{9D9E19FF-41D3-4066-A02B-C1D9552D01D2}"
EndProject
Project("{9A19103F-16F7-4668-BE54-9A1E7A4F7556}") = "Aula8", "Aula8\Aula8.csproj", "{CB0F2A51-4989-4ED6-8676-C6B1128E9192}"
EndProject
Project("{9A19103F-16F7-4668-BE54-9A1E7A4F7556}") = "Lista1", "Lista1\Lista1.csproj", "{49B10E3A-9CB8-4B0C-9C8D-EF10A90EB55D}"
EndProject
Project("{9A19103F-16F7-4668-BE54-9A1E7A4F7556}") = "Lista2", "Lista2\Lista2.csproj", "{D37DE800-4C2B-48C5-BBCA-5E42837EC91E}"
EndProject
Project("{9A19103F-16F7-4668-BE54-9A1E7A4F7556}") = "Lista3", "Lista3\Lista3.csproj", "{373D1A00-2217-4545-9F75-D6461035AFD6}"
EndProject
Project("{9A19103F-16F7-4668-BE54-9A1E7A4F7556}") = "Lista4", "Lista4\Lista4.csproj", "{B6054C1D-73A4-4B95-AE33-8778D739D2AD}"
EndProject
Project("{9A19103F-16F7-4668-BE54-9A1E7A4F7556}") = "Lista5", "Lista5\Lista5.csproj", "{B4158575-1F19-4DE7-B2F2-E8EE0F889E2B}"
EndProject
Project("{9A19103F-16F7-4668-BE54-9A1E7A4F7556}") = "Aula13", "Aula13\Aula13.csproj", "{02C4B3FE-4413-41D8-9C89-D6EE874955AC}"
EndProject
Global
	GlobalSection(SolutionConfigurationPlatforms) = preSolution
		Debug|Any CPU = Debug|Any CPU
		Release|Any CPU = Release|Any CPU
	EndGlobalSection
	GlobalSection(ProjectConfigurationPlatforms) = postSolution
		{C892B6F5-58AF-4B52-99AD-06B9D1F10C1B}.Debug|Any CPU.ActiveCfg = Debug|Any CPU
		{C892B6F5-58AF-4B52-99AD-06B9D1F10C1B}.Debug|Any CPU.Build.0 = Debug|Any CPU
		{C892B6F5-58AF-4B52-99AD-06B9D1F10C1B}.Release|Any CPU.ActiveCfg = Release|Any CPU
		{C892B6F5-58AF-4B52-99AD-06B9D1F10C1B}.Release|Any CPU.Build.0 = Release|Any CPU
		{B3A21BA4-8987-4078-84F5-462C191050AD}.Debug|Any CPU.ActiveCfg = Debug|Any CPU
		{B3A21BA4-8987-4078-84F5-462C191050AD}.Debug|Any CPU.Build.0 = Debug|Any CPU
		{B3A21BA4-8987-4078-84F5-462C191050AD}.Release|Any CPU.ActiveCfg = Release|Any CPU
		{B3A21BA4-8987-4078-84F5-462C191050AD}.Release|Any CPU.Build.0 = Release|Any CPU
		{FF87C472-E531-4749-92CB-F887D9564D0E}.Debug|Any CPU.ActiveCfg = Debug|Any CPU
		{FF87C472-E531-4749-92CB-F887D9564D0E}.Debug|Any CPU.Build.0 = Debug|Any CPU
		{FF87C472-E531-4749-92CB-F887D9564D0E}.Release|Any CPU.ActiveCfg = Release|Any CPU
		{FF87C472-E531-4749-92CB-F887D9564D0E}.Release|Any CPU.Build.0 = Release|Any CPU
		{F13AF7AA-B6EA-4766-8525-63B00F69F949}.Debug|Any CPU.ActiveCfg = Debug|Any CPU
		{F13AF7AA-B6EA-4766-8525-63B00F69F949}.Debug|Any CPU.Build.0 = Debug|Any CPU
		{F13AF7AA-B6EA-4766-8525-63B00F69F949}.Release|Any CPU.ActiveCfg = Release|Any CPU
		{F13AF7AA-B6EA-4766-8525-63B00F69F949}.Release|Any CPU.Build.0 = Release|Any CPU
		{A2B378C3-0926-44E3-8EEC-8D81D55700C4}.Debug|Any CPU.ActiveCfg = Debug|Any CPU
		{A2B378C3-0926-44E3-8EEC-8D81D55700C4}.Debug|Any CPU.Build.0 = Debug|Any CPU
		{A2B378C3-0926-44E3-8EEC-8D81D55700C4}.Release|Any CPU.ActiveCfg = Release|Any CPU
		{A2B378C3-0926-44E3-8EEC-8D81D55700C4}.Release|Any CPU.Build.0 = Release|Any CPU
		{9D9E19FF-41D3-4066-A02B-C1D9552D01D2}.Debug|Any CPU.ActiveCfg = Debug|Any CPU
		{9D9E19FF-41D3-4066-A02B-C1D9552D01D2}.Debug|Any CPU.Build.0 = Debug|Any CPU
		{9D9E19FF-41D3-4066-A02B-C1D9552D01D2}.Release|Any CPU.ActiveCfg = Release|Any CPU
		{9D9E19FF-41D3-4066-A02B-C1D9552D01D2}.Release|Any CPU.Build.0 = Release|Any CPU
		{CB0F2A51-4989-4ED6-8676-C6B1128E9192}.Debug|Any CPU.ActiveCfg = Debug|Any CPU
		{CB0F2A51-4989-4ED6-8676-C6B1128E9192}.Debug|Any CPU.Build.0 = Debug|Any CPU
		{CB0F2A51-4989-4ED6-8676-C6B1128E9192}.Release|Any CPU.ActiveCfg = Release|Any CPU
		{CB0F2A51-4989-4ED6-8676-C6B1128E9192}.Release|Any CPU.Build.0 = Release|Any CPU
		{49B10E3A-9CB8-4B0C-9C8D-EF10A90EB55D}.Debug|Any CPU.ActiveCfg = Debug|Any CPU
		{49B10E3A-9CB8-4B0C-9C8D-EF10A90EB55D}.Debug|Any CPU.Build.0 = Debug|Any CPU
		{49B10E3A-9CB8-4B0C-9C8D-EF10A90EB55D}.Release|Any CPU.ActiveCfg = Release|Any CPU
		{49B10E3A-9CB8-4B0C-9C8D-EF10A90EB55D}.Release|Any CPU.Build.0 = Release|Any CPU
		{D37DE800-4C2B-48C5-BBCA-5E42837EC91E}.Debug|Any CPU.ActiveCfg = Debug|Any CPU
		{D37DE800-4C2B-48C5-BBCA-5E42837EC91E}.Debug|Any CPU.Build.0 = Debug|Any CPU
		{D37DE800-4C2B-48C5-BBCA-5E42837EC91E}.Release|Any CPU.ActiveCfg = Release|Any CPU
		{D37DE800-4C2B-48C5-BBCA-5E42837EC91E}.Release|Any CPU.Build.0 = Release|Any CPU
		{373D1A00-2217-4545-9F75-D6461035AFD6}.Debug|Any CPU.ActiveCfg = Debug|Any CPU
		{373D1A00-2217-4545-9F75-D6461035AFD6}.Debug|Any CPU.Build.0 = Debug|Any CPU
		{373D1A00-2217-4545-9F75-D6461035AFD6}.Release|Any CPU.ActiveCfg = Release|Any CPU
		{373D1A00-2217-4545-9F75-D6461035AFD6}.Release|Any CPU.Build.0 = Release|Any CPU
		{B6054C1D-73A4-4B95-AE33-8778D739D2AD}.Debug|Any CPU.ActiveCfg = Debug|Any CPU
		{B6054C1D-73A4-4B95-AE33-8778D739D2AD}.Debug|Any CPU.Build.0 = Debug|Any CPU
		{B6054C1D-73A4-4B95-AE33-8778D739D2AD}.Release|Any CPU.ActiveCfg = Release|Any CPU
		{B6054C1D-73A4-4B95-AE33-8778D739D2AD}.Release|Any CPU.Build.0 = Release|Any CPU
		{B4158575-1F19-4DE7-B2F2-E8EE0F889E2B}.Debug|Any CPU.ActiveCfg = Debug|Any CPU
		{B4158575-1F19-4DE7-B2F2-E8EE0F889E2B}.Debug|Any CPU.Build.0 = Debug|Any CPU
		{B4158575-1F19-4DE7-B2F2-E8EE0F889E2B}.Release|Any CPU.ActiveCfg = Release|Any CPU
		{B4158575-1F19-4DE7-B2F2-E8EE0F889E2B}.Release|Any CPU.Build.0 = Release|Any CPU
		{02C4B3FE-4413-41D8-9C89-D6EE874955AC}.Debug|Any CPU.ActiveCfg = Debug|Any CPU
		{02C4B3FE-4413-41D8-9C89-D6EE874955AC}.Debug|Any CPU.Build.0 = Debug|Any CPU
		{02C4B3FE-4413-41D8-9C89-D6EE874955AC}.Release|Any CPU.ActiveCfg = Release|Any CPU
		{02C4B3FE-4413-41D8-9C89-D6EE874955AC}.Release|Any CPU.Build.0 = Release|Any CPU
	EndGlobalSection
	GlobalSection(SolutionProperties) = preSolution
		HideSolutionNode = FALSE
	EndGlobalSection
	GlobalSection(NestedProjects) = preSolution
		{C892B6F5-58AF-4B52-99AD-06B9D1F10C1B} = {5CA93E81-0E18-4427-A92B-FE29A77ECDC4}
		{B3A21BA4-8987-4078-84F5-462C191050AD} = {5CA93E81-0E18-4427-A92B-FE29A77ECDC4}
		{FF87C472-E531-4749-92CB-F887D9564D0E} = {833ED62A-98A4-4290-83D0-3FA22BD83344}
		{F13AF7AA-B6EA-4766-8525-63B00F69F949} = {5CA93E81-0E18-4427-A92B-FE29A77ECDC4}
		{A2B378C3-0926-44E3-8EEC-8D81D55700C4} = {5CA93E81-0E18-4427-A92B-FE29A77ECDC4}
		{9D9E19FF-41D3-4066-A02B-C1D9552D01D2} = {5CA93E81-0E18-4427-A92B-FE29A77ECDC4}
		{CB0F2A51-4989-4ED6-8676-C6B1128E9192} = {5CA93E81-0E18-4427-A92B-FE29A77ECDC4}
		{49B10E3A-9CB8-4B0C-9C8D-EF10A90EB55D} = {833ED62A-98A4-4290-83D0-3FA22BD83344}
		{D37DE800-4C2B-48C5-BBCA-5E42837EC91E} = {833ED62A-98A4-4290-83D0-3FA22BD83344}
		{373D1A00-2217-4545-9F75-D6461035AFD6} = {833ED62A-98A4-4290-83D0-3FA22BD83344}
		{B6054C1D-73A4-4B95-AE33-8778D739D2AD} = {833ED62A-98A4-4290-83D0-3FA22BD83344}
		{B4158575-1F19-4DE7-B2F2-E8EE0F889E2B} = {833ED62A-98A4-4290-83D0-3FA22BD83344}
		{02C4B3FE-4413-41D8-9C89-D6EE874955AC} = {5CA93E81-0E18-4427-A92B-FE29A77ECDC4}
	EndGlobalSection
	GlobalSection(ExtensibilityGlobals) = postSolution
		SolutionGuid = {8ABEEE01-D447-4A91-80A3-0628D7F498D8}
	EndGlobalSection
EndGlobal
